
Microsoft Visual Studio Solution File, Format Version 12.00
# Visual Studio 15
VisualStudioVersion = 15.0.26730.12
MinimumVisualStudioVersion = 10.0.40219.1
Project("{FAE04EC0-301F-11D3-BF4B-00C04F79EFBC}") = "Interpreter", "Interpreter\Interpreter.csproj", "{D7C3DE1A-1F89-4820-842E-C926B8F8BBF2}"
EndProject
Project("{FAE04EC0-301F-11D3-BF4B-00C04F79EFBC}") = "ConsoleInterpreter", "ConsoleInterpreter\ConsoleInterpreter.csproj", "{D0B71EA4-C197-4773-BA5D-9A519A39FF6F}"
EndProject
Project("{FAE04EC0-301F-11D3-BF4B-00C04F79EFBC}") = "AndriyScriptIDE", "AndriyScriptIDE\AndriyScriptIDE.csproj", "{615E9931-7E90-4880-A0A4-35B580751FFF}"
EndProject
Project("{FAE04EC0-301F-11D3-BF4B-00C04F79EFBC}") = "InterpreterTests", "Interpreter.Tests\InterpreterTests.csproj", "{8EDF4429-251A-416D-BB68-93F227191BCF}"
EndProject
Global
	GlobalSection(SolutionConfigurationPlatforms) = preSolution
		Debug|Any CPU = Debug|Any CPU
		Release|Any CPU = Release|Any CPU
	EndGlobalSection
	GlobalSection(ProjectConfigurationPlatforms) = postSolution
		{D7C3DE1A-1F89-4820-842E-C926B8F8BBF2}.Debug|Any CPU.ActiveCfg = Debug|Any CPU
		{D7C3DE1A-1F89-4820-842E-C926B8F8BBF2}.Debug|Any CPU.Build.0 = Debug|Any CPU
		{D7C3DE1A-1F89-4820-842E-C926B8F8BBF2}.Release|Any CPU.ActiveCfg = Release|Any CPU
		{D7C3DE1A-1F89-4820-842E-C926B8F8BBF2}.Release|Any CPU.Build.0 = Release|Any CPU
		{D0B71EA4-C197-4773-BA5D-9A519A39FF6F}.Debug|Any CPU.ActiveCfg = Debug|Any CPU
		{D0B71EA4-C197-4773-BA5D-9A519A39FF6F}.Debug|Any CPU.Build.0 = Debug|Any CPU
		{D0B71EA4-C197-4773-BA5D-9A519A39FF6F}.Release|Any CPU.ActiveCfg = Release|Any CPU
		{D0B71EA4-C197-4773-BA5D-9A519A39FF6F}.Release|Any CPU.Build.0 = Release|Any CPU
		{615E9931-7E90-4880-A0A4-35B580751FFF}.Debug|Any CPU.ActiveCfg = Debug|Any CPU
		{615E9931-7E90-4880-A0A4-35B580751FFF}.Debug|Any CPU.Build.0 = Debug|Any CPU
		{615E9931-7E90-4880-A0A4-35B580751FFF}.Release|Any CPU.ActiveCfg = Release|Any CPU
		{615E9931-7E90-4880-A0A4-35B580751FFF}.Release|Any CPU.Build.0 = Release|Any CPU
		{8EDF4429-251A-416D-BB68-93F227191BCF}.Debug|Any CPU.ActiveCfg = Debug|Any CPU
		{8EDF4429-251A-416D-BB68-93F227191BCF}.Debug|Any CPU.Build.0 = Debug|Any CPU
		{8EDF4429-251A-416D-BB68-93F227191BCF}.Release|Any CPU.ActiveCfg = Release|Any CPU
		{8EDF4429-251A-416D-BB68-93F227191BCF}.Release|Any CPU.Build.0 = Release|Any CPU
	EndGlobalSection
	GlobalSection(SolutionProperties) = preSolution
		HideSolutionNode = FALSE
	EndGlobalSection
	GlobalSection(ExtensibilityGlobals) = postSolution
		SolutionGuid = {563F50FF-2390-42F7-AB91-19A20B750553}
	EndGlobalSection
EndGlobal
